
Microsoft Visual Studio Solution File, Format Version 12.00
# Visual Studio Version 17
VisualStudioVersion = 17.3.32825.248
MinimumVisualStudioVersion = 10.0.40219.1
Project("{FAE04EC0-301F-11D3-BF4B-00C04F79EFBC}") = "BotanicalGarden", "BotanicalGarden\BotanicalGarden.csproj", "{AAD39AC3-F518-4270-9765-2DA2A6FFC4D1}"
EndProject
Global
	GlobalSection(SolutionConfigurationPlatforms) = preSolution
		Debug|Any CPU = Debug|Any CPU
		Release|Any CPU = Release|Any CPU
	EndGlobalSection
	GlobalSection(ProjectConfigurationPlatforms) = postSolution
		{AAD39AC3-F518-4270-9765-2DA2A6FFC4D1}.Debug|Any CPU.ActiveCfg = Debug|Any CPU
		{AAD39AC3-F518-4270-9765-2DA2A6FFC4D1}.Debug|Any CPU.Build.0 = Debug|Any CPU
		{AAD39AC3-F518-4270-9765-2DA2A6FFC4D1}.Release|Any CPU.ActiveCfg = Release|Any CPU
		{AAD39AC3-F518-4270-9765-2DA2A6FFC4D1}.Release|Any CPU.Build.0 = Release|Any CPU
	EndGlobalSection
	GlobalSection(SolutionProperties) = preSolution
		HideSolutionNode = FALSE
	EndGlobalSection
	GlobalSection(ExtensibilityGlobals) = postSolution
		SolutionGuid = {2F68E072-7F80-45E3-8336-54C376A09ED0}
	EndGlobalSection
EndGlobal
